
Microsoft Visual Studio Solution File, Format Version 12.00
# Visual Studio 14
VisualStudioVersion = 14.0.25420.1
MinimumVisualStudioVersion = 10.0.40219.1
Project("{FAE04EC0-301F-11D3-BF4B-00C04F79EFBC}") = "ServiceStack.Redis.Utils", "ServiceStack.Redis.Utils\ServiceStack.Redis.Utils.csproj", "{D09D4704-7C1E-42D6-B422-75AACB4E9C54}"
EndProject
Project("{FAE04EC0-301F-11D3-BF4B-00C04F79EFBC}") = "ServiceStack.Redis.Demo.WinForm1", "ServiceStack.Redis.Demo.WinForm1\ServiceStack.Redis.Demo.WinForm1.csproj", "{8D2E18F3-C9A0-45EF-907D-AAF4F9682F95}"
EndProject
Project("{2150E333-8FDC-42A3-9474-1A3956D46DE8}") = "00 Common", "00 Common", "{F3937091-8FCF-4B50-A719-2842BA905080}"
EndProject
Project("{2150E333-8FDC-42A3-9474-1A3956D46DE8}") = "01 Lib", "01 Lib", "{0C68E58D-95A0-492B-A83F-179662B80A2E}"
EndProject
Project("{2150E333-8FDC-42A3-9474-1A3956D46DE8}") = "02 Project", "02 Project", "{1291D4CA-166F-43B7-9D72-D43FED6CC24F}"
EndProject
Project("{2150E333-8FDC-42A3-9474-1A3956D46DE8}") = "03 Test", "03 Test", "{C18591F9-39A4-4876-9CD3-7C66F9F600E9}"
EndProject
Project("{FAE04EC0-301F-11D3-BF4B-00C04F79EFBC}") = "Common", "Common\Common.csproj", "{21AEECDB-3F06-4E66-9322-AC796148A0D2}"
EndProject
Project("{2150E333-8FDC-42A3-9474-1A3956D46DE8}") = "02 Redis Service", "02 Redis Service", "{5284E85E-192E-4D36-A2A7-B5FC42C19D2C}"
EndProject
Project("{FAE04EC0-301F-11D3-BF4B-00C04F79EFBC}") = "RedisService", "RedisService\RedisService.csproj", "{4D52909B-98C6-4064-8D8F-7B7B35616C63}"
EndProject
Project("{2150E333-8FDC-42A3-9474-1A3956D46DE8}") = "01 Def", "01 Def", "{C1D10CEF-3500-4583-800C-EEA22F3ADB6D}"
EndProject
Project("{FAE04EC0-301F-11D3-BF4B-00C04F79EFBC}") = "Def", "Def\Def.csproj", "{11754141-D3D4-4616-9644-A51C16CE93C2}"
EndProject
Global
	GlobalSection(SolutionConfigurationPlatforms) = preSolution
		Debug|Any CPU = Debug|Any CPU
		Release|Any CPU = Release|Any CPU
	EndGlobalSection
	GlobalSection(ProjectConfigurationPlatforms) = postSolution
		{D09D4704-7C1E-42D6-B422-75AACB4E9C54}.Debug|Any CPU.ActiveCfg = Debug|Any CPU
		{D09D4704-7C1E-42D6-B422-75AACB4E9C54}.Debug|Any CPU.Build.0 = Debug|Any CPU
		{D09D4704-7C1E-42D6-B422-75AACB4E9C54}.Release|Any CPU.ActiveCfg = Release|Any CPU
		{D09D4704-7C1E-42D6-B422-75AACB4E9C54}.Release|Any CPU.Build.0 = Release|Any CPU
		{8D2E18F3-C9A0-45EF-907D-AAF4F9682F95}.Debug|Any CPU.ActiveCfg = Debug|Any CPU
		{8D2E18F3-C9A0-45EF-907D-AAF4F9682F95}.Debug|Any CPU.Build.0 = Debug|Any CPU
		{8D2E18F3-C9A0-45EF-907D-AAF4F9682F95}.Release|Any CPU.ActiveCfg = Release|Any CPU
		{8D2E18F3-C9A0-45EF-907D-AAF4F9682F95}.Release|Any CPU.Build.0 = Release|Any CPU
		{21AEECDB-3F06-4E66-9322-AC796148A0D2}.Debug|Any CPU.ActiveCfg = Debug|Any CPU
		{21AEECDB-3F06-4E66-9322-AC796148A0D2}.Debug|Any CPU.Build.0 = Debug|Any CPU
		{21AEECDB-3F06-4E66-9322-AC796148A0D2}.Release|Any CPU.ActiveCfg = Release|Any CPU
		{21AEECDB-3F06-4E66-9322-AC796148A0D2}.Release|Any CPU.Build.0 = Release|Any CPU
		{4D52909B-98C6-4064-8D8F-7B7B35616C63}.Debug|Any CPU.ActiveCfg = Debug|Any CPU
		{4D52909B-98C6-4064-8D8F-7B7B35616C63}.Debug|Any CPU.Build.0 = Debug|Any CPU
		{4D52909B-98C6-4064-8D8F-7B7B35616C63}.Release|Any CPU.ActiveCfg = Release|Any CPU
		{4D52909B-98C6-4064-8D8F-7B7B35616C63}.Release|Any CPU.Build.0 = Release|Any CPU
		{11754141-D3D4-4616-9644-A51C16CE93C2}.Debug|Any CPU.ActiveCfg = Debug|Any CPU
		{11754141-D3D4-4616-9644-A51C16CE93C2}.Debug|Any CPU.Build.0 = Debug|Any CPU
		{11754141-D3D4-4616-9644-A51C16CE93C2}.Release|Any CPU.ActiveCfg = Release|Any CPU
		{11754141-D3D4-4616-9644-A51C16CE93C2}.Release|Any CPU.Build.0 = Release|Any CPU
	EndGlobalSection
	GlobalSection(SolutionProperties) = preSolution
		HideSolutionNode = FALSE
	EndGlobalSection
	GlobalSection(NestedProjects) = preSolution
		{D09D4704-7C1E-42D6-B422-75AACB4E9C54} = {F3937091-8FCF-4B50-A719-2842BA905080}
		{F3937091-8FCF-4B50-A719-2842BA905080} = {0C68E58D-95A0-492B-A83F-179662B80A2E}
		{21AEECDB-3F06-4E66-9322-AC796148A0D2} = {F3937091-8FCF-4B50-A719-2842BA905080}
		{5284E85E-192E-4D36-A2A7-B5FC42C19D2C} = {0C68E58D-95A0-492B-A83F-179662B80A2E}
		{4D52909B-98C6-4064-8D8F-7B7B35616C63} = {5284E85E-192E-4D36-A2A7-B5FC42C19D2C}
		{C1D10CEF-3500-4583-800C-EEA22F3ADB6D} = {0C68E58D-95A0-492B-A83F-179662B80A2E}
		{11754141-D3D4-4616-9644-A51C16CE93C2} = {C1D10CEF-3500-4583-800C-EEA22F3ADB6D}
	EndGlobalSection
EndGlobal
